# This file is autogenerated, do not edit; changes may be undone by the next 'dep ensure'.


[[projects]]
  digest = "1:bfc758d5a03d57d97226fac6934551c01bd76612adb119c177395b057a0a46db"
  name = "github.com/gogo/protobuf"
  packages = [
    "gogoproto",
    "proto",
    "protoc-gen-gogo/descriptor",
  ]
  pruneopts = "UT"
  revision = "636bf0302bc95575d69441b25a2603156ffdddf1"
  version = "v1.1.1"

[[projects]]
  digest = "1:4ce94f3d2074662c04677db471456feb56078244ebcfe3789e6e95901c085bc5"
  name = "github.com/nats-io/go-nats"
  packages = [
    ".",
    "encoders/builtin",
    "util",
  ]
  pruneopts = "UT"
  revision = "fb0396ee0bdb8018b0fef30d6d1de798ce99cd05"
  version = "v1.6.0"

[[projects]]
  digest = "1:cf80370e775e26aa54b8d87304244ad56e19886b422f4ede3bb4aec7ff3f83cc"
  name = "github.com/nats-io/go-nats-streaming"
  packages = [
    ".",
    "pb",
  ]
  pruneopts = "UT"
  revision = "e15a53f85e4932540600a16b56f6c4f65f58176f"
  version = "v0.4.0"

[[projects]]
  digest = "1:c3cd663f2f30b92536b9f290ac85c6310dae36a14cb8961553ae9ccf0d85ae41"
  name = "github.com/nats-io/nuid"
  packages = ["."]
  pruneopts = "UT"
  revision = "289cccf02c178dc782430d534e3c1f5b72af807f"
  version = "v1.0.0"

[[projects]]
  digest = "1:b24d38b282bacf9791408a080f606370efa3d364e4b5fd9ba0f7b87786d3b679"
  name = "github.com/urfave/cli"
  packages = ["."]
  pruneopts = "UT"
  revision = "cfb38830724cc34fedffe9a2a29fb54fa9169cd1"
  version = "v1.20.0"

[solve-meta]
  analyzer-name = "dep"
  analyzer-version = 1
  input-imports = [
    "github.com/nats-io/go-nats-streaming",
    "github.com/urfave/cli",
  ]
  solver-name = "gps-cdcl"
  solver-version = 1
